
Microsoft Visual Studio Solution File, Format Version 12.00
Project("{FAE04EC0-301F-11D3-BF4B-00C04F79EFBC}") = "Lombok.NET", "Lombok.NET\Lombok.NET.csproj", "{E0CB0149-1EFA-489B-B45E-2E5728156ADB}"
EndProject
Project("{FAE04EC0-301F-11D3-BF4B-00C04F79EFBC}") = "SyntaxReceiverGenerators", "SyntaxReceiverGenerators\SyntaxReceiverGenerators.csproj", "{BAA9BE8F-72BF-461D-BEDF-2611CADB188E}"
EndProject
Project("{FAE04EC0-301F-11D3-BF4B-00C04F79EFBC}") = "Test", "Test\Test.csproj", "{D5464F7B-D10A-4276-8A7C-1422BD434644}"
EndProject
Global
	GlobalSection(SolutionConfigurationPlatforms) = preSolution
		Debug|Any CPU = Debug|Any CPU
		Release|Any CPU = Release|Any CPU
	EndGlobalSection
	GlobalSection(ProjectConfigurationPlatforms) = postSolution
		{E0CB0149-1EFA-489B-B45E-2E5728156ADB}.Debug|Any CPU.ActiveCfg = Debug|Any CPU
		{E0CB0149-1EFA-489B-B45E-2E5728156ADB}.Debug|Any CPU.Build.0 = Debug|Any CPU
		{E0CB0149-1EFA-489B-B45E-2E5728156ADB}.Release|Any CPU.ActiveCfg = Release|Any CPU
		{E0CB0149-1EFA-489B-B45E-2E5728156ADB}.Release|Any CPU.Build.0 = Release|Any CPU
		{BAA9BE8F-72BF-461D-BEDF-2611CADB188E}.Debug|Any CPU.ActiveCfg = Debug|Any CPU
		{BAA9BE8F-72BF-461D-BEDF-2611CADB188E}.Debug|Any CPU.Build.0 = Debug|Any CPU
		{BAA9BE8F-72BF-461D-BEDF-2611CADB188E}.Release|Any CPU.ActiveCfg = Release|Any CPU
		{BAA9BE8F-72BF-461D-BEDF-2611CADB188E}.Release|Any CPU.Build.0 = Release|Any CPU
		{D5464F7B-D10A-4276-8A7C-1422BD434644}.Debug|Any CPU.ActiveCfg = Debug|Any CPU
		{D5464F7B-D10A-4276-8A7C-1422BD434644}.Debug|Any CPU.Build.0 = Debug|Any CPU
		{D5464F7B-D10A-4276-8A7C-1422BD434644}.Release|Any CPU.ActiveCfg = Release|Any CPU
		{D5464F7B-D10A-4276-8A7C-1422BD434644}.Release|Any CPU.Build.0 = Release|Any CPU
	EndGlobalSection
EndGlobal
